
Microsoft Visual Studio Solution File, Format Version 12.00
# Visual Studio Version 16
VisualStudioVersion = 16.0.29025.244
MinimumVisualStudioVersion = 10.0.40219.1
Project("{FAE04EC0-301F-11D3-BF4B-00C04F79EFBC}") = "ZemogaUI", "ZemogaUI\ZemogaUI.csproj", "{59B76F20-B9A9-47EC-8899-D07EB49350B7}"
EndProject
Project("{9A19103F-16F7-4668-BE54-9A1E7A4F7556}") = "Business", "Business\Business.csproj", "{D4DCC411-EC60-4CF3-A9CF-436598FF0189}"
EndProject
Project("{9A19103F-16F7-4668-BE54-9A1E7A4F7556}") = "Common", "Common\Common.csproj", "{B6086D9F-C89A-42A0-B7CB-E13B92F7C270}"
EndProject
Project("{9A19103F-16F7-4668-BE54-9A1E7A4F7556}") = "Dao", "Dao\Dao.csproj", "{A4C04C99-DA4F-4000-8948-88679F021937}"
EndProject
Global
	GlobalSection(SolutionConfigurationPlatforms) = preSolution
		Debug|Any CPU = Debug|Any CPU
		Release|Any CPU = Release|Any CPU
	EndGlobalSection
	GlobalSection(ProjectConfigurationPlatforms) = postSolution
		{59B76F20-B9A9-47EC-8899-D07EB49350B7}.Debug|Any CPU.ActiveCfg = Debug|Any CPU
		{59B76F20-B9A9-47EC-8899-D07EB49350B7}.Debug|Any CPU.Build.0 = Debug|Any CPU
		{59B76F20-B9A9-47EC-8899-D07EB49350B7}.Release|Any CPU.ActiveCfg = Release|Any CPU
		{59B76F20-B9A9-47EC-8899-D07EB49350B7}.Release|Any CPU.Build.0 = Release|Any CPU
		{D4DCC411-EC60-4CF3-A9CF-436598FF0189}.Debug|Any CPU.ActiveCfg = Debug|Any CPU
		{D4DCC411-EC60-4CF3-A9CF-436598FF0189}.Debug|Any CPU.Build.0 = Debug|Any CPU
		{D4DCC411-EC60-4CF3-A9CF-436598FF0189}.Release|Any CPU.ActiveCfg = Release|Any CPU
		{D4DCC411-EC60-4CF3-A9CF-436598FF0189}.Release|Any CPU.Build.0 = Release|Any CPU
		{B6086D9F-C89A-42A0-B7CB-E13B92F7C270}.Debug|Any CPU.ActiveCfg = Debug|Any CPU
		{B6086D9F-C89A-42A0-B7CB-E13B92F7C270}.Debug|Any CPU.Build.0 = Debug|Any CPU
		{B6086D9F-C89A-42A0-B7CB-E13B92F7C270}.Release|Any CPU.ActiveCfg = Release|Any CPU
		{B6086D9F-C89A-42A0-B7CB-E13B92F7C270}.Release|Any CPU.Build.0 = Release|Any CPU
		{A4C04C99-DA4F-4000-8948-88679F021937}.Debug|Any CPU.ActiveCfg = Debug|Any CPU
		{A4C04C99-DA4F-4000-8948-88679F021937}.Debug|Any CPU.Build.0 = Debug|Any CPU
		{A4C04C99-DA4F-4000-8948-88679F021937}.Release|Any CPU.ActiveCfg = Release|Any CPU
		{A4C04C99-DA4F-4000-8948-88679F021937}.Release|Any CPU.Build.0 = Release|Any CPU
	EndGlobalSection
	GlobalSection(SolutionProperties) = preSolution
		HideSolutionNode = FALSE
	EndGlobalSection
	GlobalSection(ExtensibilityGlobals) = postSolution
		SolutionGuid = {3DCE8293-C6D5-40BE-8D36-660B816DD8CF}
	EndGlobalSection
EndGlobal
